Microsoft Visual Studio Solution File, Format Version 11.00
# Visual Studio 2008

Project("{7DED8542-3ED1-023F-6EBE-4ED5EDE63B41}") = "Unity_P2_game", "Assembly-CSharp-vs.csproj", "{A8B33323-54A3-09A6-A31E-EA2D588D1FD8}"
EndProject
Global
	GlobalSection(SolutionConfigurationPlatforms) = preSolution
		Debug|Any CPU = Debug|Any CPU
		Release|Any CPU = Release|Any CPU
	EndGlobalSection
	GlobalSection(ProjectConfigurationPlatforms) = postSolution
		{A8B33323-54A3-09A6-A31E-EA2D588D1FD8}.Debug|Any CPU.ActiveCfg = Debug|Any CPU
		{A8B33323-54A3-09A6-A31E-EA2D588D1FD8}.Debug|Any CPU.Build.0 = Debug|Any CPU
		{A8B33323-54A3-09A6-A31E-EA2D588D1FD8}.Release|Any CPU.ActiveCfg = Release|Any CPU
		{A8B33323-54A3-09A6-A31E-EA2D588D1FD8}.Release|Any CPU.Build.0 = Release|Any CPU
	EndGlobalSection
	GlobalSection(SolutionProperties) = preSolution
		HideSolutionNode = FALSE
	EndGlobalSection
													GlobalSection(MonoDevelopProperties) = preSolution
		StartupItem = Assembly-CSharp.csproj
		Policies = $0
		$0.TextStylePolicy = $1
		$1.inheritsSet = null
		$1.scope = text/x-csharp
		$0.CSharpFormattingPolicy = $2
		$2.inheritsSet = Mono
		$2.inheritsScope = text/x-csharp
		$2.scope = text/x-csharp
		$0.TextStylePolicy = $3
		$3.FileWidth = 120
		$3.TabWidth = 4
		$3.IndentWidth = 4
		$3.EolMarker = Unix
		$3.inheritsSet = Mono
		$3.inheritsScope = text/plain
		$3.scope = text/plain
	EndGlobalSection

EndGlobal
